
Microsoft Visual Studio Solution File, Format Version 12.00
# Visual Studio 2012
Project("{FAE04EC0-301F-11D3-BF4B-00C04F79EFBC}") = "01.IsLeapYearChecker", "01.IsLeapYearChecker\01.IsLeapYearChecker.csproj", "{297A8362-AB43-49D8-BC61-F83D605BF89E}"
EndProject
Project("{FAE04EC0-301F-11D3-BF4B-00C04F79EFBC}") = "02.RandomNumGenerator", "02.RandomNumGenerator\02.RandomNumGenerator.csproj", "{A39C28E2-7F1F-4325-96CF-71061449F61E}"
EndProject
Project("{FAE04EC0-301F-11D3-BF4B-00C04F79EFBC}") = "03.CurrentWeekDayChecker", "03.CurrentWeekDayChecker\03.CurrentWeekDayChecker.csproj", "{DF989CF5-E024-422F-8252-316FC92BF905}"
EndProject
Project("{FAE04EC0-301F-11D3-BF4B-00C04F79EFBC}") = "04.TriangleSurfaceCalculator", "04.TriangleSurfaceCalculator\04.TriangleSurfaceCalculator.csproj", "{B3344CE4-CEE3-46E4-9386-F1A46A983DBB}"
EndProject
Project("{FAE04EC0-301F-11D3-BF4B-00C04F79EFBC}") = "05.WorkDaysCalculator", "05.WorkDaysCalculator\05.WorkDaysCalculator.csproj", "{729E0624-83A2-422A-B393-A482A38D5302}"
EndProject
Project("{FAE04EC0-301F-11D3-BF4B-00C04F79EFBC}") = "06.SumCalculatorFromString", "06.SumCalculatorFromString\06.SumCalculatorFromString.csproj", "{E8F51BA5-B984-4DC8-9F43-DC609BF87E41}"
EndProject
Global
	GlobalSection(SolutionConfigurationPlatforms) = preSolution
		Debug|Any CPU = Debug|Any CPU
		Release|Any CPU = Release|Any CPU
	EndGlobalSection
	GlobalSection(ProjectConfigurationPlatforms) = postSolution
		{297A8362-AB43-49D8-BC61-F83D605BF89E}.Debug|Any CPU.ActiveCfg = Debug|Any CPU
		{297A8362-AB43-49D8-BC61-F83D605BF89E}.Debug|Any CPU.Build.0 = Debug|Any CPU
		{297A8362-AB43-49D8-BC61-F83D605BF89E}.Release|Any CPU.ActiveCfg = Release|Any CPU
		{297A8362-AB43-49D8-BC61-F83D605BF89E}.Release|Any CPU.Build.0 = Release|Any CPU
		{A39C28E2-7F1F-4325-96CF-71061449F61E}.Debug|Any CPU.ActiveCfg = Debug|Any CPU
		{A39C28E2-7F1F-4325-96CF-71061449F61E}.Debug|Any CPU.Build.0 = Debug|Any CPU
		{A39C28E2-7F1F-4325-96CF-71061449F61E}.Release|Any CPU.ActiveCfg = Release|Any CPU
		{A39C28E2-7F1F-4325-96CF-71061449F61E}.Release|Any CPU.Build.0 = Release|Any CPU
		{DF989CF5-E024-422F-8252-316FC92BF905}.Debug|Any CPU.ActiveCfg = Debug|Any CPU
		{DF989CF5-E024-422F-8252-316FC92BF905}.Debug|Any CPU.Build.0 = Debug|Any CPU
		{DF989CF5-E024-422F-8252-316FC92BF905}.Release|Any CPU.ActiveCfg = Release|Any CPU
		{DF989CF5-E024-422F-8252-316FC92BF905}.Release|Any CPU.Build.0 = Release|Any CPU
		{B3344CE4-CEE3-46E4-9386-F1A46A983DBB}.Debug|Any CPU.ActiveCfg = Debug|Any CPU
		{B3344CE4-CEE3-46E4-9386-F1A46A983DBB}.Debug|Any CPU.Build.0 = Debug|Any CPU
		{B3344CE4-CEE3-46E4-9386-F1A46A983DBB}.Release|Any CPU.ActiveCfg = Release|Any CPU
		{B3344CE4-CEE3-46E4-9386-F1A46A983DBB}.Release|Any CPU.Build.0 = Release|Any CPU
		{729E0624-83A2-422A-B393-A482A38D5302}.Debug|Any CPU.ActiveCfg = Debug|Any CPU
		{729E0624-83A2-422A-B393-A482A38D5302}.Debug|Any CPU.Build.0 = Debug|Any CPU
		{729E0624-83A2-422A-B393-A482A38D5302}.Release|Any CPU.ActiveCfg = Release|Any CPU
		{729E0624-83A2-422A-B393-A482A38D5302}.Release|Any CPU.Build.0 = Release|Any CPU
		{E8F51BA5-B984-4DC8-9F43-DC609BF87E41}.Debug|Any CPU.ActiveCfg = Debug|Any CPU
		{E8F51BA5-B984-4DC8-9F43-DC609BF87E41}.Debug|Any CPU.Build.0 = Debug|Any CPU
		{E8F51BA5-B984-4DC8-9F43-DC609BF87E41}.Release|Any CPU.ActiveCfg = Release|Any CPU
		{E8F51BA5-B984-4DC8-9F43-DC609BF87E41}.Release|Any CPU.Build.0 = Release|Any CPU
	EndGlobalSection
	GlobalSection(SolutionProperties) = preSolution
		HideSolutionNode = FALSE
	EndGlobalSection
EndGlobal
